
Microsoft Visual Studio Solution File, Format Version 12.00
Project("{FAE04EC0-301F-11D3-BF4B-00C04F79EFBC}") = "PenkiControlApp.DAL", "PenkiControlApp.DAL\PenkiControlApp.DAL.csproj", "{CD405A50-8958-4283-8B83-95DD921B8B81}"
EndProject
Project("{FAE04EC0-301F-11D3-BF4B-00C04F79EFBC}") = "PenkiControlApp.Core", "PenkiControlApp.Core\PenkiControlApp.Core.csproj", "{C05972C7-6ABB-415A-99B5-A909EE44976A}"
EndProject
Project("{FAE04EC0-301F-11D3-BF4B-00C04F79EFBC}") = "ForTests", "ForTests\ForTests.csproj", "{4D4224DC-942F-48B4-98E9-D87A9F4F9D10}"
EndProject
Project("{FAE04EC0-301F-11D3-BF4B-00C04F79EFBC}") = "PenkiControlApp.UI", "PenkiControlApp.UI\PenkiControlApp.UI.csproj", "{23977E68-9FAC-4FF2-A0D6-98C312BA24D5}"
EndProject
Project("{FAE04EC0-301F-11D3-BF4B-00C04F79EFBC}") = "PenkiControlApp.BLL", "PenkiControlApp.BLL\PenkiControlApp.BLL.csproj", "{36DE8B1A-2616-41E3-8E79-8E31000F7C28}"
EndProject
Global
	GlobalSection(SolutionConfigurationPlatforms) = preSolution
		Debug|Any CPU = Debug|Any CPU
		Release|Any CPU = Release|Any CPU
	EndGlobalSection
	GlobalSection(ProjectConfigurationPlatforms) = postSolution
		{CD405A50-8958-4283-8B83-95DD921B8B81}.Debug|Any CPU.ActiveCfg = Debug|Any CPU
		{CD405A50-8958-4283-8B83-95DD921B8B81}.Debug|Any CPU.Build.0 = Debug|Any CPU
		{CD405A50-8958-4283-8B83-95DD921B8B81}.Release|Any CPU.ActiveCfg = Release|Any CPU
		{CD405A50-8958-4283-8B83-95DD921B8B81}.Release|Any CPU.Build.0 = Release|Any CPU
		{C05972C7-6ABB-415A-99B5-A909EE44976A}.Debug|Any CPU.ActiveCfg = Debug|Any CPU
		{C05972C7-6ABB-415A-99B5-A909EE44976A}.Debug|Any CPU.Build.0 = Debug|Any CPU
		{C05972C7-6ABB-415A-99B5-A909EE44976A}.Release|Any CPU.ActiveCfg = Release|Any CPU
		{C05972C7-6ABB-415A-99B5-A909EE44976A}.Release|Any CPU.Build.0 = Release|Any CPU
		{4D4224DC-942F-48B4-98E9-D87A9F4F9D10}.Debug|Any CPU.ActiveCfg = Debug|Any CPU
		{4D4224DC-942F-48B4-98E9-D87A9F4F9D10}.Debug|Any CPU.Build.0 = Debug|Any CPU
		{4D4224DC-942F-48B4-98E9-D87A9F4F9D10}.Release|Any CPU.ActiveCfg = Release|Any CPU
		{4D4224DC-942F-48B4-98E9-D87A9F4F9D10}.Release|Any CPU.Build.0 = Release|Any CPU
		{23977E68-9FAC-4FF2-A0D6-98C312BA24D5}.Debug|Any CPU.ActiveCfg = Debug|Any CPU
		{23977E68-9FAC-4FF2-A0D6-98C312BA24D5}.Debug|Any CPU.Build.0 = Debug|Any CPU
		{23977E68-9FAC-4FF2-A0D6-98C312BA24D5}.Release|Any CPU.ActiveCfg = Release|Any CPU
		{23977E68-9FAC-4FF2-A0D6-98C312BA24D5}.Release|Any CPU.Build.0 = Release|Any CPU
		{36DE8B1A-2616-41E3-8E79-8E31000F7C28}.Debug|Any CPU.ActiveCfg = Debug|Any CPU
		{36DE8B1A-2616-41E3-8E79-8E31000F7C28}.Debug|Any CPU.Build.0 = Debug|Any CPU
		{36DE8B1A-2616-41E3-8E79-8E31000F7C28}.Release|Any CPU.ActiveCfg = Release|Any CPU
		{36DE8B1A-2616-41E3-8E79-8E31000F7C28}.Release|Any CPU.Build.0 = Release|Any CPU
	EndGlobalSection
EndGlobal
